
Microsoft Visual Studio Solution File, Format Version 12.00
# Visual Studio Version 16
VisualStudioVersion = 16.0.31112.23
MinimumVisualStudioVersion = 10.0.40219.1
Project("{FAE04EC0-301F-11D3-BF4B-00C04F79EFBC}") = "ShopOnline", "ShopOnline.csproj", "{FA324E74-22F4-48EC-BF71-9BD5CDF1B440}"
EndProject
Project("{FAE04EC0-301F-11D3-BF4B-00C04F79EFBC}") = "ShopOnlineModel", "..\ShopOnlineModel\ShopOnlineModel.csproj", "{B71B075B-D922-4AAC-9283-DBDDEB0BD1D4}"
EndProject
Global
	GlobalSection(SolutionConfigurationPlatforms) = preSolution
		Debug|Any CPU = Debug|Any CPU
		Release|Any CPU = Release|Any CPU
	EndGlobalSection
	GlobalSection(ProjectConfigurationPlatforms) = postSolution
		{FA324E74-22F4-48EC-BF71-9BD5CDF1B440}.Debug|Any CPU.ActiveCfg = Debug|Any CPU
		{FA324E74-22F4-48EC-BF71-9BD5CDF1B440}.Debug|Any CPU.Build.0 = Debug|Any CPU
		{FA324E74-22F4-48EC-BF71-9BD5CDF1B440}.Release|Any CPU.ActiveCfg = Release|Any CPU
		{FA324E74-22F4-48EC-BF71-9BD5CDF1B440}.Release|Any CPU.Build.0 = Release|Any CPU
		{B71B075B-D922-4AAC-9283-DBDDEB0BD1D4}.Debug|Any CPU.ActiveCfg = Debug|Any CPU
		{B71B075B-D922-4AAC-9283-DBDDEB0BD1D4}.Debug|Any CPU.Build.0 = Debug|Any CPU
		{B71B075B-D922-4AAC-9283-DBDDEB0BD1D4}.Release|Any CPU.ActiveCfg = Release|Any CPU
		{B71B075B-D922-4AAC-9283-DBDDEB0BD1D4}.Release|Any CPU.Build.0 = Release|Any CPU
	EndGlobalSection
	GlobalSection(SolutionProperties) = preSolution
		HideSolutionNode = FALSE
	EndGlobalSection
	GlobalSection(ExtensibilityGlobals) = postSolution
		SolutionGuid = {B8E3C683-48F5-4CA0-891E-0C0D97B71077}
	EndGlobalSection
EndGlobal
